// !$*UTF8*$!
{
	archiveVersion = 1;
	classes = {
	};
	objectVersion = 50;
	objects = {

/* Begin PBXBuildFile section */
		2C0DD80F22E63C2F00C3C583 /* AppDelegate.swift in Sources */ = {isa = PBXBuildFile; fileRef = 2C0DD80E22E63C2F00C3C583 /* AppDelegate.swift */; };
		2C0DD81122E63C2F00C3C583 /* ViewController.swift in Sources */ = {isa = PBXBuildFile; fileRef = 2C0DD81022E63C2F00C3C583 /* ViewController.swift */; };
		2C0DD81422E63C2F00C3C583 /* Main.storyboard in Resources */ = {isa = PBXBuildFile; fileRef = 2C0DD81222E63C2F00C3C583 /* Main.storyboard */; };
		2C0DD81622E63C3600C3C583 /* Assets.xcassets in Resources */ = {isa = PBXBuildFile; fileRef = 2C0DD81522E63C3600C3C583 /* Assets.xcassets */; };
		2C0DD81922E63C3600C3C583 /* LaunchScreen.storyboard in Resources */ = {isa = PBXBuildFile; fileRef = 2C0DD81722E63C3600C3C583 /* LaunchScreen.storyboard */; };
		2C0DD82222E63F3A00C3C583 /* CardViewController.swift in Sources */ = {isa = PBXBuildFile; fileRef = 2C0DD82022E63F3A00C3C583 /* CardViewController.swift */; };
		2C0DD82322E63F3A00C3C583 /* CardViewController.xib in Resources */ = {isa = PBXBuildFile; fileRef = 2C0DD82122E63F3A00C3C583 /* CardViewController.xib */; };
/* End PBXBuildFile section */

/* Begin PBXFileReference section */
		2C0DD80B22E63C2F00C3C583 /* CardViewAnimation.app */ = {isa = PBXFileReference; explicitFileType = wrapper.application; includeInIndex = 0; path = CardViewAnimation.app; sourceTree = BUILT_PRODUCTS_DIR; };
		2C0DD80E22E63C2F00C3C583 /* AppDelegate.swift */ = {isa = PBXFileReference; lastKnownFileType = sourcecode.swift; path = AppDelegate.swift; sourceTree = "<group>"; };
		2C0DD81022E63C2F00C3C583 /* ViewController.swift */ = {isa = PBXFileReference; lastKnownFileType = sourcecode.swift; path = ViewController.swift; sourceTree = "<group>"; };
		2C0DD81322E63C2F00C3C583 /* Base */ = {isa = PBXFileReference; lastKnownFileType = file.storyboard; name = Base; path = Base.lproj/Main.storyboard; sourceTree = "<group>"; };
		2C0DD81522E63C3600C3C583 /* Assets.xcassets */ = {isa = PBXFileReference; lastKnownFileType = folder.assetcatalog; path = Assets.xcassets; sourceTree = "<group>"; };
		2C0DD81822E63C3600C3C583 /* Base */ = {isa = PBXFileReference; lastKnownFileType = file.storyboard; name = Base; path = Base.lproj/LaunchScreen.storyboard; sourceTree = "<group>"; };
		2C0DD81A22E63C3600C3C583 /* Info.plist */ = {isa = PBXFileReference; lastKnownFileType = text.plist.xml; path = Info.plist; sourceTree = "<group>"; };
		2C0DD82022E63F3A00C3C583 /* CardViewController.swift */ = {isa = PBXFileReference; lastKnownFileType = sourcecode.swift; path = CardViewController.swift; sourceTree = "<group>"; };
		2C0DD82122E63F3A00C3C583 /* CardViewController.xib */ = {isa = PBXFileReference; lastKnownFileType = file.xib; path = CardViewController.xib; sourceTree = "<group>"; };
/* End PBXFileReference section */

/* Begin PBXFrameworksBuildPhase section */
		2C0DD80822E63C2F00C3C583 /* Frameworks */ = {
			isa = PBXFrameworksBuildPhase;
			buildActionMask = 2147483647;
			files = (
			);
			runOnlyForDeploymentPostprocessing = 0;
		};
/* End PBXFrameworksBuildPhase section */

/* Begin PBXGroup section */
		2C0DD80222E63C2F00C3C583 = {
			isa = PBXGroup;
			children = (
				2C0DD80D22E63C2F00C3C583 /* CardViewAnimation */,
				2C0DD80C22E63C2F00C3C583 /* Products */,
			);
			sourceTree = "<group>";
		};
		2C0DD80C22E63C2F00C3C583 /* Products */ = {
			isa = PBXGroup;
			children = (
				2C0DD80B22E63C2F00C3C583 /* CardViewAnimation.app */,
			);
			name = Products;
			sourceTree = "<group>";
		};
		2C0DD80D22E63C2F00C3C583 /* CardViewAnimation */ = {
			isa = PBXGroup;
			children = (
				2C0DD80E22E63C2F00C3C583 /* AppDelegate.swift */,
				2C0DD81022E63C2F00C3C583 /* ViewController.swift */,
				2C0DD81222E63C2F00C3C583 /* Main.storyboard */,
				2C0DD81522E63C3600C3C583 /* Assets.xcassets */,
				2C0DD81722E63C3600C3C583 /* LaunchScreen.storyboard */,
				2C0DD82022E63F3A00C3C583 /* CardViewController.swift */,
				2C0DD82122E63F3A00C3C583 /* CardViewController.xib */,
				2C0DD81A22E63C3600C3C583 /* Info.plist */,
			);
			path = CardViewAnimation;
			sourceTree = "<group>";
		};
/* End PBXGroup section */

/* Begin PBXNativeTarget section */
		2C0DD80A22E63C2F00C3C583 /* CardViewAnimation */ = {
			isa = PBXNativeTarget;
			buildConfigurationList = 2C0DD81D22E63C3600C3C583 /* Build configuration list for PBXNativeTarget "CardViewAnimation" */;
			buildPhases = (
				2C0DD80722E63C2F00C3C583 /* Sources */,
				2C0DD80822E63C2F00C3C583 /* Frameworks */,
				2C0DD80922E63C2F00C3C583 /* Resources */,
			);
			buildRules = (
			);
			dependencies = (
			);
			name = CardViewAnimation;
			productName = CardViewAnimation;
			productReference = 2C0DD80B22E63C2F00C3C583 /* CardViewAnimation.app */;
			productType = "com.apple.product-type.application";
		};
/* End PBXNativeTarget section */

/* Begin PBXProject section */
		2C0DD80322E63C2F00C3C583 /* Project object */ = {
			isa = PBXProject;
			attributes = {
				LastSwiftUpdateCheck = 1010;
				LastUpgradeCheck = 1010;
				ORGANIZATIONNAME = MB;
				TargetAttributes = {
					2C0DD80A22E63C2F00C3C583 = {
						CreatedOnToolsVersion = 10.1;
					};
				};
			};
			buildConfigurationList = 2C0DD80622E63C2F00C3C583 /* Build configuration list for PBXProject "CardViewAnimation" */;
			compatibilityVersion = "Xcode 9.3";
			developmentRegion = en;
			hasScannedForEncodings = 0;
			knownRegions = (
				en,
				Base,
			);
			mainGroup = 2C0DD80222E63C2F00C3C583;
			productRefGroup = 2C0DD80C22E63C2F00C3C583 /* Products */;
			projectDirPath = "";
			projectRoot = "";
			targets = (
				2C0DD80A22E63C2F00C3C583 /* CardViewAnimation */,
			);
		};
/* End PBXProject section */

/* Begin PBXResourcesBuildPhase section */
		2C0DD80922E63C2F00C3C583 /* Resources */ = {
			isa = PBXResourcesBuildPhase;
			buildActionMask = 2147483647;
			files = (
				2C0DD82322E63F3A00C3C583 /* CardViewController.xib in Resources */,
				2C0DD81922E63C3600C3C583 /* LaunchScreen.storyboard in Resources */,
				2C0DD81622E63C3600C3C583 /* Assets.xcassets in Resources */,
				2C0DD81422E63C2F00C3C583 /* Main.storyboard in Resources */,
			);
			runOnlyForDeploymentPostprocessing = 0;
		};
/* End PBXResourcesBuildPhase section */

/* Begin PBXSourcesBuildPhase section */
		2C0DD80722E63C2F00C3C583 /* Sources */ = {
			isa = PBXSourcesBuildPhase;
			buildActionMask = 2147483647;
			files = (
				2C0DD81122E63C2F00C3C583 /* ViewController.swift in Sources */,
				2C0DD80F22E63C2F00C3C583 /* AppDelegate.swift in Sources */,
				2C0DD82222E63F3A00C3C583 /* CardViewController.swift in Sources */,
			);
			runOnlyForDeploymentPostprocessing = 0;
		};
/* End PBXSourcesBuildPhase section */

/* Begin PBXVariantGroup section */
		2C0DD81222E63C2F00C3C583 /* Main.storyboard */ = {
			isa = PBXVariantGroup;
			children = (
				2C0DD81322E63C2F00C3C583 /* Base */,
			);
			name = Main.storyboard;
			sourceTree = "<group>";
		};
		2C0DD81722E63C3600C3C583 /* LaunchScreen.storyboard */ = {
			isa = PBXVariantGroup;
			children = (
				2C0DD81822E63C3600C3C583 /* Base */,
			);
			name = LaunchScreen.storyboard;
			sourceTree = "<group>";
		};
/* End PBXVariantGroup section */

/* Begin XCBuildConfiguration section */
		2C0DD81B22E63C3600C3C583 /* Debug */ = {
			isa = XCBuildConfiguration;
			buildSettings = {
				ALWAYS_SEARCH_USER_PATHS = NO;
				CLANG_ANALYZER_NONNULL = YES;
				CLANG_ANALYZER_NUMBER_OBJECT_CONVERSION = YES_AGGRESSIVE;
				CLANG_CXX_LANGUAGE_STANDARD = "gnu++14";
				CLANG_CXX_LIBRARY = "libc++";
				CLANG_ENABLE_MODULES = YES;
				CLANG_ENABLE_OBJC_ARC = YES;
				CLANG_ENABLE_OBJC_WEAK = YES;
				CLANG_WARN_BLOCK_CAPTURE_AUTORELEASING = YES;
				CLANG_WARN_BOOL_CONVERSION = YES;
				CLANG_WARN_COMMA = YES;
				CLANG_WARN_CONSTANT_CONVERSION = YES;
				CLANG_WARN_DEPRECATED_OBJC_IMPLEMENTATIONS = YES;
				CLANG_WARN_DIRECT_OBJC_ISA_USAGE = YES_ERROR;
				CLANG_WARN_DOCUMENTATION_COMMENTS = YES;
				CLANG_WARN_EMPTY_BODY = YES;
				CLANG_WARN_ENUM_CONVERSION = YES;
				CLANG_WARN_INFINITE_RECURSION = YES;
				CLANG_WARN_INT_CONVERSION = YES;
				CLANG_WARN_NON_LITERAL_NULL_CONVERSION = YES;
				CLANG_WARN_OBJC_IMPLICIT_RETAIN_SELF = YES;
				CLANG_WARN_OBJC_LITERAL_CONVERSION = YES;
				CLANG_WARN_OBJC_ROOT_CLASS = YES_ERROR;
				CLANG_WARN_RANGE_LOOP_ANALYSIS = YES;
				CLANG_WARN_STRICT_PROTOTYPES = YES;
				CLANG_WARN_SUSPICIOUS_MOVE = YES;
				CLANG_WARN_UNGUARDED_AVAILABILITY = YES_AGGRESSIVE;
				CLANG_WARN_UNREACHABLE_CODE = YES;
				CLANG_WARN__DUPLICATE_METHOD_MATCH = YES;
				CODE_SIGN_IDENTITY = "iPhone Developer";
				COPY_PHASE_STRIP = NO;
				DEBUG_INFORMATION_FORMAT = dwarf;
				ENABLE_STRICT_OBJC_MSGSEND = YES;
				ENABLE_TESTABILITY = YES;
				GCC_C_LANGUAGE_STANDARD = gnu11;
				GCC_DYNAMIC_NO_PIC = NO;
				GCC_NO_COMMON_BLOCKS = YES;
				GCC_OPTIMIZATION_LEVEL = 0;
				GCC_PREPROCESSOR_DEFINITIONS = (
					"DEBUG=1",
					"$(inherited)",
				);
				GCC_WARN_64_TO_32_BIT_CONVERSION = YES;
				GCC_WARN_ABOUT_RETURN_TYPE = YES_ERROR;
				GCC_WARN_UNDECLARED_SELECTOR = YES;
				GCC_WARN_UNINITIALIZED_AUTOS = YES_AGGRESSIVE;
				GCC_WARN_UNUSED_FUNCTION = YES;
				GCC_WARN_UNUSED_VARIABLE = YES;
				IPHONEOS_DEPLOYMENT_TARGET = 12.1;
				MTL_ENABLE_DEBUG_INFO = INCLUDE_SOURCE;
				MTL_FAST_MATH = YES;
				ONLY_ACTIVE_ARCH = YES;
				SDKROOT = iphoneos;
				SWIFT_ACTIVE_COMPILATION_CONDITIONS = DEBUG;
				SWIFT_OPTIMIZATION_LEVEL = "-Onone";
			};
			name = Debug;
		};
		2C0DD81C22E63C3600C3C583 /* Release */ = {
			isa = XCBuildConfiguration;
			buildSettings = {
				ALWAYS_SEARCH_USER_PATHS = NO;
				CLANG_ANALYZER_NONNULL = YES;
				CLANG_ANALYZER_NUMBER_OBJECT_CONVERSION = YES_AGGRESSIVE;
				CLANG_CXX_LANGUAGE_STANDARD = "gnu++14";
				CLANG_CXX_LIBRARY = "libc++";
				CLANG_ENABLE_MODULES = YES;
				CLANG_ENABLE_OBJC_ARC = YES;
				CLANG_ENABLE_OBJC_WEAK = YES;
				CLANG_WARN_BLOCK_CAPTURE_AUTORELEASING = YES;
				CLANG_WARN_BOOL_CONVERSION = YES;
				CLANG_WARN_COMMA = YES;
				CLANG_WARN_CONSTANT_CONVERSION = YES;
				CLANG_WARN_DEPRECATED_OBJC_IMPLEMENTATIONS = YES;
				CLANG_WARN_DIRECT_OBJC_ISA_USAGE = YES_ERROR;
				CLANG_WARN_DOCUMENTATION_COMMENTS = YES;
				CLANG_WARN_EMPTY_BODY = YES;
				CLANG_WARN_ENUM_CONVERSION = YES;
				CLANG_WARN_INFINITE_RECURSION = YES;
				CLANG_WARN_INT_CONVERSION = YES;
				CLANG_WARN_NON_LITERAL_NULL_CONVERSION = YES;
				CLANG_WARN_OBJC_IMPLICIT_RETAIN_SELF = YES;
				CLANG_WARN_OBJC_LITERAL_CONVERSION = YES;
				CLANG_WARN_OBJC_ROOT_CLASS = YES_ERROR;
				CLANG_WARN_RANGE_LOOP_ANALYSIS = YES;
				CLANG_WARN_STRICT_PROTOTYPES = YES;
				CLANG_WARN_SUSPICIOUS_MOVE = YES;
				CLANG_WARN_UNGUARDED_AVAILABILITY = YES_AGGRESSIVE;
				CLANG_WARN_UNREACHABLE_CODE = YES;
				CLANG_WARN__DUPLICATE_METHOD_MATCH = YES;
				CODE_SIGN_IDENTITY = "iPhone Developer";
				COPY_PHASE_STRIP = NO;
				DEBUG_INFORMATION_FORMAT = "dwarf-with-dsym";
				ENABLE_NS_ASSERTIONS = NO;
				ENABLE_STRICT_OBJC_MSGSEND = YES;
				GCC_C_LANGUAGE_STANDARD = gnu11;
				GCC_NO_COMMON_BLOCKS = YES;
				GCC_WARN_64_TO_32_BIT_CONVERSION = YES;
				GCC_WARN_ABOUT_RETURN_TYPE = YES_ERROR;
				GCC_WARN_UNDECLARED_SELECTOR = YES;
				GCC_WARN_UNINITIALIZED_AUTOS = YES_AGGRESSIVE;
				GCC_WARN_UNUSED_FUNCTION = YES;
				GCC_WARN_UNUSED_VARIABLE = YES;
				IPHONEOS_DEPLOYMENT_TARGET = 12.1;
				MTL_ENABLE_DEBUG_INFO = NO;
				MTL_FAST_MATH = YES;
				SDKROOT = iphoneos;
				SWIFT_COMPILATION_MODE = wholemodule;
				SWIFT_OPTIMIZATION_LEVEL = "-O";
				VALIDATE_PRODUCT = YES;
			};
			name = Release;
		};
		2C0DD81E22E63C3600C3C583 /* Debug */ = {
			isa = XCBuildConfiguration;
			buildSettings = {
				ASSETCATALOG_COMPILER_APPICON_NAME = AppIcon;
				CODE_SIGN_STYLE = Automatic;
				DEVELOPMENT_TEAM = 7K3L2DSZ26;
				INFOPLIST_FILE = CardViewAnimation/Info.plist;
				LD_RUNPATH_SEARCH_PATHS = (
					"$(inherited)",
					"@executable_path/Frameworks",
				);
				PRODUCT_BUNDLE_IDENTIFIER = com.tryvector.CardViewAnimation;
				PRODUCT_NAME = "$(TARGET_NAME)";
				SWIFT_VERSION = 4.2;
				TARGETED_DEVICE_FAMILY = "1,2";
			};
			name = Debug;
		};
		2C0DD81F22E63C3600C3C583 /* Release */ = {
			isa = XCBuildConfiguration;
			buildSettings = {
				ASSETCATALOG_COMPILER_APPICON_NAME = AppIcon;
				CODE_SIGN_STYLE = Automatic;
				DEVELOPMENT_TEAM = 7K3L2DSZ26;
				INFOPLIST_FILE = CardViewAnimation/Info.plist;
				LD_RUNPATH_SEARCH_PATHS = (
					"$(inherited)",
					"@executable_path/Frameworks",
				);
				PRODUCT_BUNDLE_IDENTIFIER = com.tryvector.CardViewAnimation;
				PRODUCT_NAME = "$(TARGET_NAME)";
				SWIFT_VERSION = 4.2;
				TARGETED_DEVICE_FAMILY = "1,2";
			};
			name = Release;
		};
/* End XCBuildConfiguration section */

/* Begin XCConfigurationList section */
		2C0DD80622E63C2F00C3C583 /* Build configuration list for PBXProject "CardViewAnimation" */ = {
			isa = XCConfigurationList;
			buildConfigurations = (
				2C0DD81B22E63C3600C3C583 /* Debug */,
				2C0DD81C22E63C3600C3C583 /* Release */,
			);
			defaultConfigurationIsVisible = 0;
			defaultConfigurationName = Release;
		};
		2C0DD81D22E63C3600C3C583 /* Build configuration list for PBXNativeTarget "CardViewAnimation" */ = {
			isa = XCConfigurationList;
			buildConfigurations = (
				2C0DD81E22E63C3600C3C583 /* Debug */,
				2C0DD81F22E63C3600C3C583 /* Release */,
			);
			defaultConfigurationIsVisible = 0;
			defaultConfigurationName = Release;
		};
/* End XCConfigurationList section */
	};
	rootObject = 2C0DD80322E63C2F00C3C583 /* Project object */;
}
